
Microsoft Visual Studio Solution File, Format Version 12.00
Project("{FAE04EC0-301F-11D3-BF4B-00C04F79EFBC}") = "E-Commerce-Site", "E-Commerce-Site\E-Commerce-Site.csproj", "{F300F95D-1FBB-4688-8A51-8A751C2ED1EF}"
EndProject
Project("{FAE04EC0-301F-11D3-BF4B-00C04F79EFBC}") = "E-Commerce-Site.Users", "E-Commerce-Site.Users\E-Commerce-Site.Users.csproj", "{B1E9C0BD-2963-4DE4-9B6B-144026F6DA1E}"
EndProject
Project("{FAE04EC0-301F-11D3-BF4B-00C04F79EFBC}") = "E-Commerce-Site.Products", "E-Commerce-Site.Products\E-Commerce-Site.Products.csproj", "{60733C5B-809E-4976-9A11-DAE356EE5249}"
EndProject
Global
	GlobalSection(SolutionConfigurationPlatforms) = preSolution
		Debug|Any CPU = Debug|Any CPU
		Release|Any CPU = Release|Any CPU
	EndGlobalSection
	GlobalSection(ProjectConfigurationPlatforms) = postSolution
		{F300F95D-1FBB-4688-8A51-8A751C2ED1EF}.Debug|Any CPU.ActiveCfg = Debug|Any CPU
		{F300F95D-1FBB-4688-8A51-8A751C2ED1EF}.Debug|Any CPU.Build.0 = Debug|Any CPU
		{F300F95D-1FBB-4688-8A51-8A751C2ED1EF}.Release|Any CPU.ActiveCfg = Release|Any CPU
		{F300F95D-1FBB-4688-8A51-8A751C2ED1EF}.Release|Any CPU.Build.0 = Release|Any CPU
		{B1E9C0BD-2963-4DE4-9B6B-144026F6DA1E}.Debug|Any CPU.ActiveCfg = Debug|Any CPU
		{B1E9C0BD-2963-4DE4-9B6B-144026F6DA1E}.Debug|Any CPU.Build.0 = Debug|Any CPU
		{B1E9C0BD-2963-4DE4-9B6B-144026F6DA1E}.Release|Any CPU.ActiveCfg = Release|Any CPU
		{B1E9C0BD-2963-4DE4-9B6B-144026F6DA1E}.Release|Any CPU.Build.0 = Release|Any CPU
		{60733C5B-809E-4976-9A11-DAE356EE5249}.Debug|Any CPU.ActiveCfg = Debug|Any CPU
		{60733C5B-809E-4976-9A11-DAE356EE5249}.Debug|Any CPU.Build.0 = Debug|Any CPU
		{60733C5B-809E-4976-9A11-DAE356EE5249}.Release|Any CPU.ActiveCfg = Release|Any CPU
		{60733C5B-809E-4976-9A11-DAE356EE5249}.Release|Any CPU.Build.0 = Release|Any CPU
	EndGlobalSection
EndGlobal
